Microsoft Visual Studio Solution File, Format Version 12.00
# Visual Studio 14
VisualStudioVersion = 14.0.24711.0
MinimumVisualStudioVersion = 10.0.40219.1
Project("{2150E333-8FDC-42A3-9474-1A3956D46DE8}") = "test", "test", "{39290E57-4492-4F65-89D6-64C95DE73976}"
EndProject
Project("{2150E333-8FDC-42A3-9474-1A3956D46DE8}") = "testapp", "testapp", "{93AB896C-D117-4DBB-9DB1-24903022E21B}"
EndProject
Project("{2150E333-8FDC-42A3-9474-1A3956D46DE8}") = "Solution Items", "Solution Items", "{0289D968-B984-43B6-8B2A-9E66EB75B723}"
	ProjectSection(SolutionItems) = preProject
		global.json = global.json
		NuGet.Config = NuGet.Config
	EndProjectSection
EndProject
Project("{8BB2217D-0F2D-49D1-97BC-3654ED321F3B}") = "Microsoft.AspNetCore.Tests.Performance", "test\Microsoft.AspNetCore.Tests.Performance\Microsoft.AspNetCore.Tests.Performance.xproj", "{76C8FD9D-615A-4741-8E03-A11F7C20A99F}"
EndProject
Project("{8BB2217D-0F2D-49D1-97BC-3654ED321F3B}") = "StarterMvc", "testapp\StarterMvc\StarterMvc.xproj", "{8397CB65-B60F-4881-B0A1-E881593A487C}"
EndProject
Project("{2150E333-8FDC-42A3-9474-1A3956D46DE8}") = "src", "src", "{F42CBBCE-8CB7-4139-B084-3586FB68ACDA}"
EndProject
Project("{8BB2217D-0F2D-49D1-97BC-3654ED321F3B}") = "Benchmarks.Framework", "src\Benchmarks.Framework\Benchmarks.Framework.xproj", "{488D79ED-7138-4CCB-9A9F-458FA4A076A8}"
EndProject
Project("{8BB2217D-0F2D-49D1-97BC-3654ED321F3B}") = "Microbenchmarks.Tests", "test\Microbenchmarks.Tests\Microbenchmarks.Tests.xproj", "{9B73D4A3-CA9D-4396-8000-F69E9B0EB9D3}"
EndProject
Project("{8BB2217D-0F2D-49D1-97BC-3654ED321F3B}") = "Benchmarks.Utility", "src\Benchmarks.Utility\Benchmarks.Utility.xproj", "{65DCA477-590C-4453-B688-7BBD057B2C6F}"
EndProject
Project("{2150E333-8FDC-42A3-9474-1A3956D46DE8}") = "dashboard", "dashboard", "{6D839E2E-5C8E-4350-BEE4-D132FEC8DD9D}"
EndProject
Project("{8BB2217D-0F2D-49D1-97BC-3654ED321F3B}") = "PerformanceDashboard", "dashboard\PerformanceDashboard\PerformanceDashboard.xproj", "{8BE8D424-5C77-4651-93D2-F4FA14198B15}"
EndProject
Project("{8BB2217D-0F2D-49D1-97BC-3654ED321F3B}") = "Stress.Framework", "src\Stress.Framework\Stress.Framework.xproj", "{0B2EC639-4697-4854-9512-122B1ACD6253}"
EndProject
Project("{2150E333-8FDC-42A3-9474-1A3956D46DE8}") = "stress-test", "stress-test", "{29C78887-BC5D-449D-BDC5-8BC68CE43C33}"
EndProject
Project("{8BB2217D-0F2D-49D1-97BC-3654ED321F3B}") = "Microsoft.AspNetCore.Tests.Stress", "stress-test\Microsoft.AspNetCore.Tests.Stress\Microsoft.AspNetCore.Tests.Stress.xproj", "{67CEE842-1B97-4663-A509-1F18A86F9A5F}"
EndProject
Project("{8BB2217D-0F2D-49D1-97BC-3654ED321F3B}") = "HelloWorldMvc", "testapp\HelloWorldMvc\HelloWorldMvc.xproj", "{E5D2EE3F-672A-41A5-9B0B-0A979E333920}"
EndProject
Project("{8BB2217D-0F2D-49D1-97BC-3654ED321F3B}") = "Microsoft.AspNetCore.Tests.Throughput", "test\Microsoft.AspNetCore.Tests.Throughput\Microsoft.AspNetCore.Tests.Throughput.xproj", "{89762442-68F8-4B88-9345-17E92D985CC9}"
EndProject
Project("{8BB2217D-0F2D-49D1-97BC-3654ED321F3B}") = "BasicKestrel", "testapp\BasicKestrel\BasicKestrel.xproj", "{33C63C7D-7CC1-49D0-82AD-7DCB8125727F}"
EndProject
Project("{8BB2217D-0F2D-49D1-97BC-3654ED321F3B}") = "PlainTextMvc", "testapp\PlainTextMvc\PlainTextMvc.xproj", "{1ECBDDCF-BFFB-4D9F-89B2-FE680516D306}"
EndProject
Project("{2150E333-8FDC-42A3-9474-1A3956D46DE8}") = "tools", "tools", "{76FF3164-252E-415C-9292-2DFFB95F6DDB}"
EndProject
Project("{8BB2217D-0F2D-49D1-97BC-3654ED321F3B}") = "BasicKestrelJson", "testapp\BasicKestrelJson\BasicKestrelJson.xproj", "{DCEBE256-821E-4324-A5E3-4AB1AAFD94B2}"
EndProject
Project("{8BB2217D-0F2D-49D1-97BC-3654ED321F3B}") = "LargePageMvc", "testapp\LargePageMvc\LargePageMvc.xproj", "{41C8AA08-AD9C-4076-B699-01CD4B3D0E69}"
EndProject
Project("{8BB2217D-0F2D-49D1-97BC-3654ED321F3B}") = "ThroughputResultReporter", "tools\ThroughputResultReporter\ThroughputResultReporter.xproj", "{4020874D-D5B7-495F-A2F2-1BD65FA7BFD0}"
EndProject
Project("{8BB2217D-0F2D-49D1-97BC-3654ED321F3B}") = "LargePageGenerator", "tools\LargePageGenerator\LargePageGenerator.xproj", "{33061155-BA79-431C-834B-546B959EE71A}"
EndProject
Project("{8BB2217D-0F2D-49D1-97BC-3654ED321F3B}") = "BasicViews", "testapp\BasicViews\BasicViews.xproj", "{8C381F15-1274-469E-99D6-F515AEB59E52}"
EndProject
Project("{8BB2217D-0F2D-49D1-97BC-3654ED321F3B}") = "BigModelBinding", "testapp\BigModelBinding\BigModelBinding.xproj", "{25713C8C-CDBC-455F-AB8B-B0E9C58A182A}"
EndProject
Project("{8BB2217D-0F2D-49D1-97BC-3654ED321F3B}") = "BigViews", "testapp\BigViews\BigViews.xproj", "{DC51B887-5B2C-4298-B5C8-392F06456C39}"
EndProject
Project("{8BB2217D-0F2D-49D1-97BC-3654ED321F3B}") = "LargeStaticView", "testapp\LargeStaticView\LargeStaticView.xproj", "{2C0C631C-201D-4692-9A12-B3DF84ABCD08}"
EndProject
Project("{8BB2217D-0F2D-49D1-97BC-3654ED321F3B}") = "LocalizedViews", "testapp\LocalizedViews\LocalizedViews.xproj", "{1CA1E0F0-C024-46CD-993E-9D9511AF9C55}"
EndProject
Project("{8BB2217D-0F2D-49D1-97BC-3654ED321F3B}") = "MediumApi", "testapp\MediumApi\MediumApi.xproj", "{67598949-B2F2-4E43-8D89-431712978A48}"
EndProject
Project("{8BB2217D-0F2D-49D1-97BC-3654ED321F3B}") = "RazorCodeGenerator", "testapp\RazorCodeGenerator\RazorCodeGenerator.xproj", "{0236230D-D34D-4546-9221-E5767F19ED9E}"
EndProject
Project("{8BB2217D-0F2D-49D1-97BC-3654ED321F3B}") = "TestApp.Test", "test\TestApp.Test\TestApp.Test.xproj", "{82B767A5-1640-4561-9F04-2E90AD0BDEFB}"
EndProject
Global
	GlobalSection(SolutionConfigurationPlatforms) = preSolution
		Debug|Any CPU = Debug|Any CPU
		Release|Any CPU = Release|Any CPU
	EndGlobalSection
	GlobalSection(ProjectConfigurationPlatforms) = postSolution
		{76C8FD9D-615A-4741-8E03-A11F7C20A99F}.Debug|Any CPU.ActiveCfg = Debug|Any CPU
		{76C8FD9D-615A-4741-8E03-A11F7C20A99F}.Debug|Any CPU.Build.0 = Debug|Any CPU
		{76C8FD9D-615A-4741-8E03-A11F7C20A99F}.Release|Any CPU.ActiveCfg = Release|Any CPU
		{76C8FD9D-615A-4741-8E03-A11F7C20A99F}.Release|Any CPU.Build.0 = Release|Any CPU
		{8397CB65-B60F-4881-B0A1-E881593A487C}.Debug|Any CPU.ActiveCfg = Debug|Any CPU
		{8397CB65-B60F-4881-B0A1-E881593A487C}.Debug|Any CPU.Build.0 = Debug|Any CPU
		{8397CB65-B60F-4881-B0A1-E881593A487C}.Release|Any CPU.ActiveCfg = Release|Any CPU
		{8397CB65-B60F-4881-B0A1-E881593A487C}.Release|Any CPU.Build.0 = Release|Any CPU
		{488D79ED-7138-4CCB-9A9F-458FA4A076A8}.Debug|Any CPU.ActiveCfg = Debug|Any CPU
		{488D79ED-7138-4CCB-9A9F-458FA4A076A8}.Debug|Any CPU.Build.0 = Debug|Any CPU
		{488D79ED-7138-4CCB-9A9F-458FA4A076A8}.Release|Any CPU.ActiveCfg = Release|Any CPU
		{488D79ED-7138-4CCB-9A9F-458FA4A076A8}.Release|Any CPU.Build.0 = Release|Any CPU
		{9B73D4A3-CA9D-4396-8000-F69E9B0EB9D3}.Debug|Any CPU.ActiveCfg = Debug|Any CPU
		{9B73D4A3-CA9D-4396-8000-F69E9B0EB9D3}.Debug|Any CPU.Build.0 = Debug|Any CPU
		{9B73D4A3-CA9D-4396-8000-F69E9B0EB9D3}.Release|Any CPU.ActiveCfg = Release|Any CPU
		{9B73D4A3-CA9D-4396-8000-F69E9B0EB9D3}.Release|Any CPU.Build.0 = Release|Any CPU
		{65DCA477-590C-4453-B688-7BBD057B2C6F}.Debug|Any CPU.ActiveCfg = Debug|Any CPU
		{65DCA477-590C-4453-B688-7BBD057B2C6F}.Debug|Any CPU.Build.0 = Debug|Any CPU
		{65DCA477-590C-4453-B688-7BBD057B2C6F}.Release|Any CPU.ActiveCfg = Release|Any CPU
		{65DCA477-590C-4453-B688-7BBD057B2C6F}.Release|Any CPU.Build.0 = Release|Any CPU
		{8BE8D424-5C77-4651-93D2-F4FA14198B15}.Debug|Any CPU.ActiveCfg = Debug|Any CPU
		{8BE8D424-5C77-4651-93D2-F4FA14198B15}.Debug|Any CPU.Build.0 = Debug|Any CPU
		{8BE8D424-5C77-4651-93D2-F4FA14198B15}.Release|Any CPU.ActiveCfg = Release|Any CPU
		{8BE8D424-5C77-4651-93D2-F4FA14198B15}.Release|Any CPU.Build.0 = Release|Any CPU
		{0B2EC639-4697-4854-9512-122B1ACD6253}.Debug|Any CPU.ActiveCfg = Debug|Any CPU
		{0B2EC639-4697-4854-9512-122B1ACD6253}.Debug|Any CPU.Build.0 = Debug|Any CPU
		{0B2EC639-4697-4854-9512-122B1ACD6253}.Release|Any CPU.ActiveCfg = Release|Any CPU
		{0B2EC639-4697-4854-9512-122B1ACD6253}.Release|Any CPU.Build.0 = Release|Any CPU
		{67CEE842-1B97-4663-A509-1F18A86F9A5F}.Debug|Any CPU.ActiveCfg = Debug|Any CPU
		{67CEE842-1B97-4663-A509-1F18A86F9A5F}.Debug|Any CPU.Build.0 = Debug|Any CPU
		{67CEE842-1B97-4663-A509-1F18A86F9A5F}.Release|Any CPU.ActiveCfg = Release|Any CPU
		{67CEE842-1B97-4663-A509-1F18A86F9A5F}.Release|Any CPU.Build.0 = Release|Any CPU
		{E5D2EE3F-672A-41A5-9B0B-0A979E333920}.Debug|Any CPU.ActiveCfg = Debug|Any CPU
		{E5D2EE3F-672A-41A5-9B0B-0A979E333920}.Debug|Any CPU.Build.0 = Debug|Any CPU
		{E5D2EE3F-672A-41A5-9B0B-0A979E333920}.Release|Any CPU.ActiveCfg = Release|Any CPU
		{E5D2EE3F-672A-41A5-9B0B-0A979E333920}.Release|Any CPU.Build.0 = Release|Any CPU
		{89762442-68F8-4B88-9345-17E92D985CC9}.Debug|Any CPU.ActiveCfg = Debug|Any CPU
		{89762442-68F8-4B88-9345-17E92D985CC9}.Debug|Any CPU.Build.0 = Debug|Any CPU
		{89762442-68F8-4B88-9345-17E92D985CC9}.Release|Any CPU.ActiveCfg = Release|Any CPU
		{89762442-68F8-4B88-9345-17E92D985CC9}.Release|Any CPU.Build.0 = Release|Any CPU
		{33C63C7D-7CC1-49D0-82AD-7DCB8125727F}.Debug|Any CPU.ActiveCfg = Debug|Any CPU
		{33C63C7D-7CC1-49D0-82AD-7DCB8125727F}.Debug|Any CPU.Build.0 = Debug|Any CPU
		{33C63C7D-7CC1-49D0-82AD-7DCB8125727F}.Release|Any CPU.ActiveCfg = Release|Any CPU
		{33C63C7D-7CC1-49D0-82AD-7DCB8125727F}.Release|Any CPU.Build.0 = Release|Any CPU
		{1ECBDDCF-BFFB-4D9F-89B2-FE680516D306}.Debug|Any CPU.ActiveCfg = Debug|Any CPU
		{1ECBDDCF-BFFB-4D9F-89B2-FE680516D306}.Debug|Any CPU.Build.0 = Debug|Any CPU
		{1ECBDDCF-BFFB-4D9F-89B2-FE680516D306}.Release|Any CPU.ActiveCfg = Release|Any CPU
		{1ECBDDCF-BFFB-4D9F-89B2-FE680516D306}.Release|Any CPU.Build.0 = Release|Any CPU
		{DCEBE256-821E-4324-A5E3-4AB1AAFD94B2}.Debug|Any CPU.ActiveCfg = Debug|Any CPU
		{DCEBE256-821E-4324-A5E3-4AB1AAFD94B2}.Debug|Any CPU.Build.0 = Debug|Any CPU
		{DCEBE256-821E-4324-A5E3-4AB1AAFD94B2}.Release|Any CPU.ActiveCfg = Release|Any CPU
		{DCEBE256-821E-4324-A5E3-4AB1AAFD94B2}.Release|Any CPU.Build.0 = Release|Any CPU
		{41C8AA08-AD9C-4076-B699-01CD4B3D0E69}.Debug|Any CPU.ActiveCfg = Debug|Any CPU
		{41C8AA08-AD9C-4076-B699-01CD4B3D0E69}.Debug|Any CPU.Build.0 = Debug|Any CPU
		{41C8AA08-AD9C-4076-B699-01CD4B3D0E69}.Release|Any CPU.ActiveCfg = Release|Any CPU
		{41C8AA08-AD9C-4076-B699-01CD4B3D0E69}.Release|Any CPU.Build.0 = Release|Any CPU
		{4020874D-D5B7-495F-A2F2-1BD65FA7BFD0}.Debug|Any CPU.ActiveCfg = Debug|Any CPU
		{4020874D-D5B7-495F-A2F2-1BD65FA7BFD0}.Debug|Any CPU.Build.0 = Debug|Any CPU
		{4020874D-D5B7-495F-A2F2-1BD65FA7BFD0}.Release|Any CPU.ActiveCfg = Release|Any CPU
		{4020874D-D5B7-495F-A2F2-1BD65FA7BFD0}.Release|Any CPU.Build.0 = Release|Any CPU
		{33061155-BA79-431C-834B-546B959EE71A}.Debug|Any CPU.ActiveCfg = Debug|Any CPU
		{33061155-BA79-431C-834B-546B959EE71A}.Debug|Any CPU.Build.0 = Debug|Any CPU
		{33061155-BA79-431C-834B-546B959EE71A}.Release|Any CPU.ActiveCfg = Release|Any CPU
		{33061155-BA79-431C-834B-546B959EE71A}.Release|Any CPU.Build.0 = Release|Any CPU
		{8C381F15-1274-469E-99D6-F515AEB59E52}.Debug|Any CPU.ActiveCfg = Debug|Any CPU
		{8C381F15-1274-469E-99D6-F515AEB59E52}.Debug|Any CPU.Build.0 = Debug|Any CPU
		{8C381F15-1274-469E-99D6-F515AEB59E52}.Release|Any CPU.ActiveCfg = Release|Any CPU
		{8C381F15-1274-469E-99D6-F515AEB59E52}.Release|Any CPU.Build.0 = Release|Any CPU
		{25713C8C-CDBC-455F-AB8B-B0E9C58A182A}.Debug|Any CPU.ActiveCfg = Debug|Any CPU
		{25713C8C-CDBC-455F-AB8B-B0E9C58A182A}.Debug|Any CPU.Build.0 = Debug|Any CPU
		{25713C8C-CDBC-455F-AB8B-B0E9C58A182A}.Release|Any CPU.ActiveCfg = Release|Any CPU
		{25713C8C-CDBC-455F-AB8B-B0E9C58A182A}.Release|Any CPU.Build.0 = Release|Any CPU
		{DC51B887-5B2C-4298-B5C8-392F06456C39}.Debug|Any CPU.ActiveCfg = Debug|Any CPU
		{DC51B887-5B2C-4298-B5C8-392F06456C39}.Debug|Any CPU.Build.0 = Debug|Any CPU
		{DC51B887-5B2C-4298-B5C8-392F06456C39}.Release|Any CPU.ActiveCfg = Release|Any CPU
		{DC51B887-5B2C-4298-B5C8-392F06456C39}.Release|Any CPU.Build.0 = Release|Any CPU
		{2C0C631C-201D-4692-9A12-B3DF84ABCD08}.Debug|Any CPU.ActiveCfg = Debug|Any CPU
		{2C0C631C-201D-4692-9A12-B3DF84ABCD08}.Debug|Any CPU.Build.0 = Debug|Any CPU
		{2C0C631C-201D-4692-9A12-B3DF84ABCD08}.Release|Any CPU.ActiveCfg = Release|Any CPU
		{2C0C631C-201D-4692-9A12-B3DF84ABCD08}.Release|Any CPU.Build.0 = Release|Any CPU
		{1CA1E0F0-C024-46CD-993E-9D9511AF9C55}.Debug|Any CPU.ActiveCfg = Debug|Any CPU
		{1CA1E0F0-C024-46CD-993E-9D9511AF9C55}.Debug|Any CPU.Build.0 = Debug|Any CPU
		{1CA1E0F0-C024-46CD-993E-9D9511AF9C55}.Release|Any CPU.ActiveCfg = Release|Any CPU
		{1CA1E0F0-C024-46CD-993E-9D9511AF9C55}.Release|Any CPU.Build.0 = Release|Any CPU
		{67598949-B2F2-4E43-8D89-431712978A48}.Debug|Any CPU.ActiveCfg = Debug|Any CPU
		{67598949-B2F2-4E43-8D89-431712978A48}.Debug|Any CPU.Build.0 = Debug|Any CPU
		{67598949-B2F2-4E43-8D89-431712978A48}.Release|Any CPU.ActiveCfg = Release|Any CPU
		{67598949-B2F2-4E43-8D89-431712978A48}.Release|Any CPU.Build.0 = Release|Any CPU
		{0236230D-D34D-4546-9221-E5767F19ED9E}.Debug|Any CPU.ActiveCfg = Debug|Any CPU
		{0236230D-D34D-4546-9221-E5767F19ED9E}.Debug|Any CPU.Build.0 = Debug|Any CPU
		{0236230D-D34D-4546-9221-E5767F19ED9E}.Release|Any CPU.ActiveCfg = Release|Any CPU
		{0236230D-D34D-4546-9221-E5767F19ED9E}.Release|Any CPU.Build.0 = Release|Any CPU
		{82B767A5-1640-4561-9F04-2E90AD0BDEFB}.Debug|Any CPU.ActiveCfg = Debug|Any CPU
		{82B767A5-1640-4561-9F04-2E90AD0BDEFB}.Debug|Any CPU.Build.0 = Debug|Any CPU
		{82B767A5-1640-4561-9F04-2E90AD0BDEFB}.Release|Any CPU.ActiveCfg = Release|Any CPU
		{82B767A5-1640-4561-9F04-2E90AD0BDEFB}.Release|Any CPU.Build.0 = Release|Any CPU
	EndGlobalSection
	GlobalSection(SolutionProperties) = preSolution
		HideSolutionNode = FALSE
	EndGlobalSection
	GlobalSection(NestedProjects) = preSolution
		{76C8FD9D-615A-4741-8E03-A11F7C20A99F} = {39290E57-4492-4F65-89D6-64C95DE73976}
		{8397CB65-B60F-4881-B0A1-E881593A487C} = {93AB896C-D117-4DBB-9DB1-24903022E21B}
		{488D79ED-7138-4CCB-9A9F-458FA4A076A8} = {F42CBBCE-8CB7-4139-B084-3586FB68ACDA}
		{9B73D4A3-CA9D-4396-8000-F69E9B0EB9D3} = {39290E57-4492-4F65-89D6-64C95DE73976}
		{65DCA477-590C-4453-B688-7BBD057B2C6F} = {F42CBBCE-8CB7-4139-B084-3586FB68ACDA}
		{8BE8D424-5C77-4651-93D2-F4FA14198B15} = {6D839E2E-5C8E-4350-BEE4-D132FEC8DD9D}
		{0B2EC639-4697-4854-9512-122B1ACD6253} = {F42CBBCE-8CB7-4139-B084-3586FB68ACDA}
		{67CEE842-1B97-4663-A509-1F18A86F9A5F} = {29C78887-BC5D-449D-BDC5-8BC68CE43C33}
		{E5D2EE3F-672A-41A5-9B0B-0A979E333920} = {93AB896C-D117-4DBB-9DB1-24903022E21B}
		{89762442-68F8-4B88-9345-17E92D985CC9} = {39290E57-4492-4F65-89D6-64C95DE73976}
		{33C63C7D-7CC1-49D0-82AD-7DCB8125727F} = {93AB896C-D117-4DBB-9DB1-24903022E21B}
		{1ECBDDCF-BFFB-4D9F-89B2-FE680516D306} = {93AB896C-D117-4DBB-9DB1-24903022E21B}
		{DCEBE256-821E-4324-A5E3-4AB1AAFD94B2} = {93AB896C-D117-4DBB-9DB1-24903022E21B}
		{41C8AA08-AD9C-4076-B699-01CD4B3D0E69} = {93AB896C-D117-4DBB-9DB1-24903022E21B}
		{4020874D-D5B7-495F-A2F2-1BD65FA7BFD0} = {76FF3164-252E-415C-9292-2DFFB95F6DDB}
		{33061155-BA79-431C-834B-546B959EE71A} = {76FF3164-252E-415C-9292-2DFFB95F6DDB}
		{8C381F15-1274-469E-99D6-F515AEB59E52} = {93AB896C-D117-4DBB-9DB1-24903022E21B}
		{25713C8C-CDBC-455F-AB8B-B0E9C58A182A} = {93AB896C-D117-4DBB-9DB1-24903022E21B}
		{DC51B887-5B2C-4298-B5C8-392F06456C39} = {93AB896C-D117-4DBB-9DB1-24903022E21B}
		{2C0C631C-201D-4692-9A12-B3DF84ABCD08} = {93AB896C-D117-4DBB-9DB1-24903022E21B}
		{1CA1E0F0-C024-46CD-993E-9D9511AF9C55} = {93AB896C-D117-4DBB-9DB1-24903022E21B}
		{67598949-B2F2-4E43-8D89-431712978A48} = {93AB896C-D117-4DBB-9DB1-24903022E21B}
		{0236230D-D34D-4546-9221-E5767F19ED9E} = {93AB896C-D117-4DBB-9DB1-24903022E21B}
		{82B767A5-1640-4561-9F04-2E90AD0BDEFB} = {39290E57-4492-4F65-89D6-64C95DE73976}
	EndGlobalSection
EndGlobal
