
Microsoft Visual Studio Solution File, Format Version 12.00
# Visual Studio 14
VisualStudioVersion = 14.0.22712.0
MinimumVisualStudioVersion = 10.0.40219.1
Project("{2150E333-8FDC-42A3-9474-1A3956D46DE8}") = "test", "test", "{39290E57-4492-4F65-89D6-64C95DE73976}"
EndProject
Project("{2150E333-8FDC-42A3-9474-1A3956D46DE8}") = "testapp", "testapp", "{93AB896C-D117-4DBB-9DB1-24903022E21B}"
EndProject
Project("{8BB2217D-0F2D-49D1-97BC-3654ED321F3B}") = "BasicConsole", "testapp\BasicConsole\BasicConsole.xproj", "{E1931160-69E5-4B97-A6B1-D24DD76BFFD2}"
EndProject
Project("{2150E333-8FDC-42A3-9474-1A3956D46DE8}") = "Solution Items", "Solution Items", "{0289D968-B984-43B6-8B2A-9E66EB75B723}"
	ProjectSection(SolutionItems) = preProject
		global.json = global.json
	EndProjectSection
EndProject
Project("{8BB2217D-0F2D-49D1-97BC-3654ED321F3B}") = "Microsoft.AspNet.Tests.Performance", "test\Microsoft.AspNet.Tests.Performance\Microsoft.AspNet.Tests.Performance.xproj", "{6834ADD7-BFED-48AA-AEA8-24ADD95B9E0B}"
EndProject
Project("{8BB2217D-0F2D-49D1-97BC-3654ED321F3B}") = "Microsoft.AspNet.Tests.Performance.Utility", "test\Microsoft.AspNet.Tests.Performance.Utility\Microsoft.AspNet.Tests.Performance.Utility.xproj", "{21B03EBD-D0CE-42A8-B8B7-286718997745}"
EndProject
Project("{8BB2217D-0F2D-49D1-97BC-3654ED321F3B}") = "HeavyConsole", "testapp\HeavyConsole\HeavyConsole.xproj", "{CF21F03F-6132-4A1A-BCEA-A24A9F8FF4A0}"
EndProject
Project("{8BB2217D-0F2D-49D1-97BC-3654ED321F3B}") = "StandardMvc", "testapp\StandardMvc\StandardMvc.xproj", "{2F4E3061-6273-4258-8C28-5795DF67EBA8}"
EndProject
Project("{8BB2217D-0F2D-49D1-97BC-3654ED321F3B}") = "BasicKestrel", "testapp\BasicKestrel\BasicKestrel.xproj", "{39EC0C84-8EE5-48FE-B587-84D420EA5F1A}"
EndProject
Project("{8BB2217D-0F2D-49D1-97BC-3654ED321F3B}") = "StandardMvcApi", "testapp\StandardMvcApi\StandardMvcApi.xproj", "{7E4B802C-18BE-47A7-AA1C-2A04D5DC73F7}"
EndProject
Project("{8BB2217D-0F2D-49D1-97BC-3654ED321F3B}") = "BasicWeb", "testapp\BasicWeb\BasicWeb.xproj", "{BE6D3738-CDF9-47E9-8B18-877D360AD879}"
EndProject
Global
	GlobalSection(SolutionConfigurationPlatforms) = preSolution
		Debug|Any CPU = Debug|Any CPU
		Release|Any CPU = Release|Any CPU
	EndGlobalSection
	GlobalSection(ProjectConfigurationPlatforms) = postSolution
		{E1931160-69E5-4B97-A6B1-D24DD76BFFD2}.Debug|Any CPU.ActiveCfg = Debug|Any CPU
		{E1931160-69E5-4B97-A6B1-D24DD76BFFD2}.Debug|Any CPU.Build.0 = Debug|Any CPU
		{E1931160-69E5-4B97-A6B1-D24DD76BFFD2}.Release|Any CPU.ActiveCfg = Release|Any CPU
		{E1931160-69E5-4B97-A6B1-D24DD76BFFD2}.Release|Any CPU.Build.0 = Release|Any CPU
		{6834ADD7-BFED-48AA-AEA8-24ADD95B9E0B}.Debug|Any CPU.ActiveCfg = Debug|Any CPU
		{6834ADD7-BFED-48AA-AEA8-24ADD95B9E0B}.Debug|Any CPU.Build.0 = Debug|Any CPU
		{6834ADD7-BFED-48AA-AEA8-24ADD95B9E0B}.Release|Any CPU.ActiveCfg = Release|Any CPU
		{6834ADD7-BFED-48AA-AEA8-24ADD95B9E0B}.Release|Any CPU.Build.0 = Release|Any CPU
		{21B03EBD-D0CE-42A8-B8B7-286718997745}.Debug|Any CPU.ActiveCfg = Debug|Any CPU
		{21B03EBD-D0CE-42A8-B8B7-286718997745}.Debug|Any CPU.Build.0 = Debug|Any CPU
		{21B03EBD-D0CE-42A8-B8B7-286718997745}.Release|Any CPU.ActiveCfg = Release|Any CPU
		{21B03EBD-D0CE-42A8-B8B7-286718997745}.Release|Any CPU.Build.0 = Release|Any CPU
		{CF21F03F-6132-4A1A-BCEA-A24A9F8FF4A0}.Debug|Any CPU.ActiveCfg = Debug|Any CPU
		{CF21F03F-6132-4A1A-BCEA-A24A9F8FF4A0}.Debug|Any CPU.Build.0 = Debug|Any CPU
		{CF21F03F-6132-4A1A-BCEA-A24A9F8FF4A0}.Release|Any CPU.ActiveCfg = Release|Any CPU
		{CF21F03F-6132-4A1A-BCEA-A24A9F8FF4A0}.Release|Any CPU.Build.0 = Release|Any CPU
		{2F4E3061-6273-4258-8C28-5795DF67EBA8}.Debug|Any CPU.ActiveCfg = Debug|Any CPU
		{2F4E3061-6273-4258-8C28-5795DF67EBA8}.Debug|Any CPU.Build.0 = Debug|Any CPU
		{2F4E3061-6273-4258-8C28-5795DF67EBA8}.Release|Any CPU.ActiveCfg = Release|Any CPU
		{2F4E3061-6273-4258-8C28-5795DF67EBA8}.Release|Any CPU.Build.0 = Release|Any CPU
		{39EC0C84-8EE5-48FE-B587-84D420EA5F1A}.Debug|Any CPU.ActiveCfg = Debug|Any CPU
		{39EC0C84-8EE5-48FE-B587-84D420EA5F1A}.Debug|Any CPU.Build.0 = Debug|Any CPU
		{39EC0C84-8EE5-48FE-B587-84D420EA5F1A}.Release|Any CPU.ActiveCfg = Release|Any CPU
		{39EC0C84-8EE5-48FE-B587-84D420EA5F1A}.Release|Any CPU.Build.0 = Release|Any CPU
		{7E4B802C-18BE-47A7-AA1C-2A04D5DC73F7}.Debug|Any CPU.ActiveCfg = Debug|Any CPU
		{7E4B802C-18BE-47A7-AA1C-2A04D5DC73F7}.Debug|Any CPU.Build.0 = Debug|Any CPU
		{7E4B802C-18BE-47A7-AA1C-2A04D5DC73F7}.Release|Any CPU.ActiveCfg = Release|Any CPU
		{7E4B802C-18BE-47A7-AA1C-2A04D5DC73F7}.Release|Any CPU.Build.0 = Release|Any CPU
		{BE6D3738-CDF9-47E9-8B18-877D360AD879}.Debug|Any CPU.ActiveCfg = Debug|Any CPU
		{BE6D3738-CDF9-47E9-8B18-877D360AD879}.Debug|Any CPU.Build.0 = Debug|Any CPU
		{BE6D3738-CDF9-47E9-8B18-877D360AD879}.Release|Any CPU.ActiveCfg = Release|Any CPU
		{BE6D3738-CDF9-47E9-8B18-877D360AD879}.Release|Any CPU.Build.0 = Release|Any CPU
	EndGlobalSection
	GlobalSection(SolutionProperties) = preSolution
		HideSolutionNode = FALSE
	EndGlobalSection
	GlobalSection(NestedProjects) = preSolution
		{E1931160-69E5-4B97-A6B1-D24DD76BFFD2} = {93AB896C-D117-4DBB-9DB1-24903022E21B}
		{6834ADD7-BFED-48AA-AEA8-24ADD95B9E0B} = {39290E57-4492-4F65-89D6-64C95DE73976}
		{21B03EBD-D0CE-42A8-B8B7-286718997745} = {39290E57-4492-4F65-89D6-64C95DE73976}
		{CF21F03F-6132-4A1A-BCEA-A24A9F8FF4A0} = {93AB896C-D117-4DBB-9DB1-24903022E21B}
		{2F4E3061-6273-4258-8C28-5795DF67EBA8} = {93AB896C-D117-4DBB-9DB1-24903022E21B}
		{39EC0C84-8EE5-48FE-B587-84D420EA5F1A} = {93AB896C-D117-4DBB-9DB1-24903022E21B}
		{7E4B802C-18BE-47A7-AA1C-2A04D5DC73F7} = {93AB896C-D117-4DBB-9DB1-24903022E21B}
		{BE6D3738-CDF9-47E9-8B18-877D360AD879} = {93AB896C-D117-4DBB-9DB1-24903022E21B}
	EndGlobalSection
EndGlobal
